{
  "originHash" : "84c86f61853f7ecb19f97ce89b4c3311e6dec666f1ecce1c3bc15cbbb04bc6ef",
  "pins" : [
    {
      "identity" : "oscfoundation",
      "kind" : "remoteSourceControl",
      "location" : "https://github.com/taylorcjensen/OSCFoundation.git",
      "state" : {
        "revision" : "bd4b12fca0fa827dbee7ae6544b27cac9a766437",
        "version" : "1.0.6"
      }
    }
  ],
  "version" : 3
}
