{
  "originHash" : "0d03b9456543cbbfe669dcdf62d04294f627dec45edea0c6e5b489f36b48b771",
  "pins" : [
    {
      "identity" : "oscfoundation",
      "kind" : "remoteSourceControl",
      "location" : "https://github.com/taylorcjensen/OSCFoundation.git",
      "state" : {
        "revision" : "a315f0b007649698cdaf65b53990af8bae09034d",
        "version" : "1.0.3"
      }
    }
  ],
  "version" : 3
}
