{
  "originHash" : "06b7b407e81e07c7e98209c4891975bea2ffa2b48520cfb4e2b3ccfca574e6ac",
  "pins" : [
    {
      "identity" : "oscfoundation",
      "kind" : "remoteSourceControl",
      "location" : "https://github.com/taylorcjensen/OSCFoundation.git",
      "state" : {
        "revision" : "549e95c25f3023235343c269ce601b93cb433836",
        "version" : "1.0.5"
      }
    }
  ],
  "version" : 3
}
